
Microsoft Visual Studio Solution File, Format Version 12.00
# Visual Studio 15
VisualStudioVersion = 15.0.27703.2047
MinimumVisualStudioVersion = 10.0.40219.1
Project("{FAE04EC0-301F-11D3-BF4B-00C04F79EFBC}") = "NhatNguyen.Common", "NhatNguyen.Common\NhatNguyen.Common.csproj", "{1917BF6D-A637-4A6B-9778-DDCB383679B3}"
EndProject
Project("{FAE04EC0-301F-11D3-BF4B-00C04F79EFBC}") = "NhatNguyen.Model", "NhatNguyen.Model\NhatNguyen.Model.csproj", "{24873858-32DA-4340-8CE6-AFE402177D52}"
EndProject
Project("{FAE04EC0-301F-11D3-BF4B-00C04F79EFBC}") = "NhatNguyen.Data", "NhatNguyen.Data\NhatNguyen.Data.csproj", "{3ACE7E9C-87B2-4AB1-AA79-7A4645B9EA5B}"
EndProject
Project("{FAE04EC0-301F-11D3-BF4B-00C04F79EFBC}") = "NhatNguyen.Service", "NhatNguyen.Service\NhatNguyen.Service.csproj", "{9D921FBA-12F2-4B1C-B45B-FC501AD71FB7}"
EndProject
Project("{FAE04EC0-301F-11D3-BF4B-00C04F79EFBC}") = "NhatNguyen.UnitTest", "NhatNguyen.UnitTest\NhatNguyen.UnitTest.csproj", "{705240FB-07CA-4A8D-A200-7B79ED5CA891}"
EndProject
Project("{FAE04EC0-301F-11D3-BF4B-00C04F79EFBC}") = "NhatNguyen.Web", "NhatNguyen.Web\NhatNguyen.Web.csproj", "{F4F05087-13BF-4DD1-B917-5266ED289416}"
EndProject
Global
	GlobalSection(SolutionConfigurationPlatforms) = preSolution
		Debug|Any CPU = Debug|Any CPU
		Release|Any CPU = Release|Any CPU
	EndGlobalSection
	GlobalSection(ProjectConfigurationPlatforms) = postSolution
		{1917BF6D-A637-4A6B-9778-DDCB383679B3}.Debug|Any CPU.ActiveCfg = Debug|Any CPU
		{1917BF6D-A637-4A6B-9778-DDCB383679B3}.Debug|Any CPU.Build.0 = Debug|Any CPU
		{1917BF6D-A637-4A6B-9778-DDCB383679B3}.Release|Any CPU.ActiveCfg = Release|Any CPU
		{1917BF6D-A637-4A6B-9778-DDCB383679B3}.Release|Any CPU.Build.0 = Release|Any CPU
		{24873858-32DA-4340-8CE6-AFE402177D52}.Debug|Any CPU.ActiveCfg = Debug|Any CPU
		{24873858-32DA-4340-8CE6-AFE402177D52}.Debug|Any CPU.Build.0 = Debug|Any CPU
		{24873858-32DA-4340-8CE6-AFE402177D52}.Release|Any CPU.ActiveCfg = Release|Any CPU
		{24873858-32DA-4340-8CE6-AFE402177D52}.Release|Any CPU.Build.0 = Release|Any CPU
		{3ACE7E9C-87B2-4AB1-AA79-7A4645B9EA5B}.Debug|Any CPU.ActiveCfg = Debug|Any CPU
		{3ACE7E9C-87B2-4AB1-AA79-7A4645B9EA5B}.Debug|Any CPU.Build.0 = Debug|Any CPU
		{3ACE7E9C-87B2-4AB1-AA79-7A4645B9EA5B}.Release|Any CPU.ActiveCfg = Release|Any CPU
		{3ACE7E9C-87B2-4AB1-AA79-7A4645B9EA5B}.Release|Any CPU.Build.0 = Release|Any CPU
		{9D921FBA-12F2-4B1C-B45B-FC501AD71FB7}.Debug|Any CPU.ActiveCfg = Debug|Any CPU
		{9D921FBA-12F2-4B1C-B45B-FC501AD71FB7}.Debug|Any CPU.Build.0 = Debug|Any CPU
		{9D921FBA-12F2-4B1C-B45B-FC501AD71FB7}.Release|Any CPU.ActiveCfg = Release|Any CPU
		{9D921FBA-12F2-4B1C-B45B-FC501AD71FB7}.Release|Any CPU.Build.0 = Release|Any CPU
		{705240FB-07CA-4A8D-A200-7B79ED5CA891}.Debug|Any CPU.ActiveCfg = Debug|Any CPU
		{705240FB-07CA-4A8D-A200-7B79ED5CA891}.Debug|Any CPU.Build.0 = Debug|Any CPU
		{705240FB-07CA-4A8D-A200-7B79ED5CA891}.Release|Any CPU.ActiveCfg = Release|Any CPU
		{705240FB-07CA-4A8D-A200-7B79ED5CA891}.Release|Any CPU.Build.0 = Release|Any CPU
		{F4F05087-13BF-4DD1-B917-5266ED289416}.Debug|Any CPU.ActiveCfg = Debug|Any CPU
		{F4F05087-13BF-4DD1-B917-5266ED289416}.Debug|Any CPU.Build.0 = Debug|Any CPU
		{F4F05087-13BF-4DD1-B917-5266ED289416}.Release|Any CPU.ActiveCfg = Release|Any CPU
		{F4F05087-13BF-4DD1-B917-5266ED289416}.Release|Any CPU.Build.0 = Release|Any CPU
	EndGlobalSection
	GlobalSection(SolutionProperties) = preSolution
		HideSolutionNode = FALSE
	EndGlobalSection
	GlobalSection(ExtensibilityGlobals) = postSolution
		SolutionGuid = {01E7724A-6954-4FD9-83BB-746CA938EA2E}
	EndGlobalSection
EndGlobal
